
Microsoft Visual Studio Solution File, Format Version 12.00
# Visual Studio Version 16
VisualStudioVersion = 16.0.30406.217
MinimumVisualStudioVersion = 10.0.40219.1
Project("{FAE04EC0-301F-11D3-BF4B-00C04F79EFBC}") = "CSharpAdvanced", "CSharpAdvanced\CSharpAdvanced.csproj", "{7D7F9259-4B92-46D9-B98B-494694AF02FE}"
EndProject
Global
	GlobalSection(SolutionConfigurationPlatforms) = preSolution
		Debug|Any CPU = Debug|Any CPU
		Release|Any CPU = Release|Any CPU
	EndGlobalSection
	GlobalSection(ProjectConfigurationPlatforms) = postSolution
		{7D7F9259-4B92-46D9-B98B-494694AF02FE}.Debug|Any CPU.ActiveCfg = Debug|Any CPU
		{7D7F9259-4B92-46D9-B98B-494694AF02FE}.Debug|Any CPU.Build.0 = Debug|Any CPU
		{7D7F9259-4B92-46D9-B98B-494694AF02FE}.Release|Any CPU.ActiveCfg = Release|Any CPU
		{7D7F9259-4B92-46D9-B98B-494694AF02FE}.Release|Any CPU.Build.0 = Release|Any CPU
	EndGlobalSection
	GlobalSection(SolutionProperties) = preSolution
		HideSolutionNode = FALSE
	EndGlobalSection
	GlobalSection(ExtensibilityGlobals) = postSolution
		SolutionGuid = {29938BA9-7C73-4249-9B43-566C30838A35}
	EndGlobalSection
EndGlobal
